
Microsoft Visual Studio Solution File, Format Version 12.00
# Visual Studio Version 17
VisualStudioVersion = 17.11.35312.102
MinimumVisualStudioVersion = 10.0.40219.1
Project("{54A90642-561A-4BB1-A94E-469ADEE60C69}") = "app.reactui", "App.ReactUi\app.reactui.esproj", "{163C03E7-48FD-2DAE-1461-CF06656A3DA1}"
EndProject
Project("{FAE04EC0-301F-11D3-BF4B-00C04F79EFBC}") = "App.WebApi", "App.WebApi\App.WebApi.csproj", "{4D787DB1-BE36-489D-B133-62CBDF8172E9}"
EndProject
Project("{FAE04EC0-301F-11D3-BF4B-00C04F79EFBC}") = "Tests.Integration", "Tests.Integration\Tests.Integration.csproj", "{DEF8F5AD-2AEE-44E3-AB06-5D2C3579C599}"
EndProject
Global
	GlobalSection(SolutionConfigurationPlatforms) = preSolution
		Debug|Any CPU = Debug|Any CPU
		Release|Any CPU = Release|Any CPU
	EndGlobalSection
	GlobalSection(ProjectConfigurationPlatforms) = postSolution
		{163C03E7-48FD-2DAE-1461-CF06656A3DA1}.Debug|Any CPU.ActiveCfg = Debug|Any CPU
		{163C03E7-48FD-2DAE-1461-CF06656A3DA1}.Debug|Any CPU.Build.0 = Debug|Any CPU
		{163C03E7-48FD-2DAE-1461-CF06656A3DA1}.Debug|Any CPU.Deploy.0 = Debug|Any CPU
		{163C03E7-48FD-2DAE-1461-CF06656A3DA1}.Release|Any CPU.ActiveCfg = Release|Any CPU
		{163C03E7-48FD-2DAE-1461-CF06656A3DA1}.Release|Any CPU.Build.0 = Release|Any CPU
		{163C03E7-48FD-2DAE-1461-CF06656A3DA1}.Release|Any CPU.Deploy.0 = Release|Any CPU
		{4D787DB1-BE36-489D-B133-62CBDF8172E9}.Debug|Any CPU.ActiveCfg = Debug|Any CPU
		{4D787DB1-BE36-489D-B133-62CBDF8172E9}.Debug|Any CPU.Build.0 = Debug|Any CPU
		{4D787DB1-BE36-489D-B133-62CBDF8172E9}.Release|Any CPU.ActiveCfg = Release|Any CPU
		{4D787DB1-BE36-489D-B133-62CBDF8172E9}.Release|Any CPU.Build.0 = Release|Any CPU
		{DEF8F5AD-2AEE-44E3-AB06-5D2C3579C599}.Debug|Any CPU.ActiveCfg = Debug|Any CPU
		{DEF8F5AD-2AEE-44E3-AB06-5D2C3579C599}.Debug|Any CPU.Build.0 = Debug|Any CPU
		{DEF8F5AD-2AEE-44E3-AB06-5D2C3579C599}.Release|Any CPU.ActiveCfg = Release|Any CPU
		{DEF8F5AD-2AEE-44E3-AB06-5D2C3579C599}.Release|Any CPU.Build.0 = Release|Any CPU
	EndGlobalSection
	GlobalSection(SolutionProperties) = preSolution
		HideSolutionNode = FALSE
	EndGlobalSection
	GlobalSection(ExtensibilityGlobals) = postSolution
		SolutionGuid = {04446CF5-4D97-4B03-85CD-B7275A140699}
	EndGlobalSection
EndGlobal
